// !$*UTF8*$!
{
	archiveVersion = 1;
	classes = {
	};
	objectVersion = 56;
	objects = {

/* Begin PBXBuildFile section */
		8548E4E32A96243800315D8B /* MacWorkspacesApp.swift in Sources */ = {isa = PBXBuildFile; fileRef = 8548E4E22A96243800315D8B /* MacWorkspacesApp.swift */; };
		8548E4E72A96243900315D8B /* Assets.xcassets in Resources */ = {isa = PBXBuildFile; fileRef = 8548E4E62A96243900315D8B /* Assets.xcassets */; };
		8548E4EA2A96243900315D8B /* Preview Assets.xcassets in Resources */ = {isa = PBXBuildFile; fileRef = 8548E4E92A96243900315D8B /* Preview Assets.xcassets */; };
		8548E4F22A96247C00315D8B /* MenuApp.swift in Sources */ = {isa = PBXBuildFile; fileRef = 8548E4F12A96247C00315D8B /* MenuApp.swift */; };
		8548E4F42A96253200315D8B /* AppDelegate.swift in Sources */ = {isa = PBXBuildFile; fileRef = 8548E4F32A96253200315D8B /* AppDelegate.swift */; };
		8548E4F62A9633B400315D8B /* Workspace.swift in Sources */ = {isa = PBXBuildFile; fileRef = 8548E4F52A9633B400315D8B /* Workspace.swift */; };
		8548E4FB2A9672D800315D8B /* View.swift in Sources */ = {isa = PBXBuildFile; fileRef = 8548E4FA2A9672D800315D8B /* View.swift */; };
/* End PBXBuildFile section */

/* Begin PBXFileReference section */
		8548E4DF2A96243800315D8B /* MacWorkspaces.app */ = {isa = PBXFileReference; explicitFileType = wrapper.application; includeInIndex = 0; path = MacWorkspaces.app; sourceTree = BUILT_PRODUCTS_DIR; };
		8548E4E22A96243800315D8B /* MacWorkspacesApp.swift */ = {isa = PBXFileReference; lastKnownFileType = sourcecode.swift; path = MacWorkspacesApp.swift; sourceTree = "<group>"; };
		8548E4E62A96243900315D8B /* Assets.xcassets */ = {isa = PBXFileReference; lastKnownFileType = folder.assetcatalog; path = Assets.xcassets; sourceTree = "<group>"; };
		8548E4E92A96243900315D8B /* Preview Assets.xcassets */ = {isa = PBXFileReference; lastKnownFileType = folder.assetcatalog; path = "Preview Assets.xcassets"; sourceTree = "<group>"; };
		8548E4EB2A96243900315D8B /* MacWorkspaces.entitlements */ = {isa = PBXFileReference; lastKnownFileType = text.plist.entitlements; path = MacWorkspaces.entitlements; sourceTree = "<group>"; };
		8548E4F12A96247C00315D8B /* MenuApp.swift */ = {isa = PBXFileReference; lastKnownFileType = sourcecode.swift; path = MenuApp.swift; sourceTree = "<group>"; };
		8548E4F32A96253200315D8B /* AppDelegate.swift */ = {isa = PBXFileReference; lastKnownFileType = sourcecode.swift; path = AppDelegate.swift; sourceTree = "<group>"; };
		8548E4F52A9633B400315D8B /* Workspace.swift */ = {isa = PBXFileReference; lastKnownFileType = sourcecode.swift; path = Workspace.swift; sourceTree = "<group>"; };
		8548E4FA2A9672D800315D8B /* View.swift */ = {isa = PBXFileReference; lastKnownFileType = sourcecode.swift; path = View.swift; sourceTree = "<group>"; };
/* End PBXFileReference section */

/* Begin PBXFrameworksBuildPhase section */
		8548E4DC2A96243800315D8B /* Frameworks */ = {
			isa = PBXFrameworksBuildPhase;
			buildActionMask = 2147483647;
			files = (
			);
			runOnlyForDeploymentPostprocessing = 0;
		};
/* End PBXFrameworksBuildPhase section */

/* Begin PBXGroup section */
		8548E4D62A96243800315D8B = {
			isa = PBXGroup;
			children = (
				8548E4E12A96243800315D8B /* MacWorkspaces */,
				8548E4E02A96243800315D8B /* Products */,
			);
			sourceTree = "<group>";
		};
		8548E4E02A96243800315D8B /* Products */ = {
			isa = PBXGroup;
			children = (
				8548E4DF2A96243800315D8B /* MacWorkspaces.app */,
			);
			name = Products;
			sourceTree = "<group>";
		};
		8548E4E12A96243800315D8B /* MacWorkspaces */ = {
			isa = PBXGroup;
			children = (
				8548E4F52A9633B400315D8B /* Workspace.swift */,
				8548E4E22A96243800315D8B /* MacWorkspacesApp.swift */,
				8548E4FC2A9672E800315D8B /* Extensions */,
				8548E4F12A96247C00315D8B /* MenuApp.swift */,
				8548E4E62A96243900315D8B /* Assets.xcassets */,
				8548E4EB2A96243900315D8B /* MacWorkspaces.entitlements */,
				8548E4E82A96243900315D8B /* Preview Content */,
				8548E4F32A96253200315D8B /* AppDelegate.swift */,
			);
			path = MacWorkspaces;
			sourceTree = "<group>";
		};
		8548E4E82A96243900315D8B /* Preview Content */ = {
			isa = PBXGroup;
			children = (
				8548E4E92A96243900315D8B /* Preview Assets.xcassets */,
			);
			path = "Preview Content";
			sourceTree = "<group>";
		};
		8548E4FC2A9672E800315D8B /* Extensions */ = {
			isa = PBXGroup;
			children = (
				8548E4FA2A9672D800315D8B /* View.swift */,
			);
			path = Extensions;
			sourceTree = "<group>";
		};
/* End PBXGroup section */

/* Begin PBXNativeTarget section */
		8548E4DE2A96243800315D8B /* MacWorkspaces */ = {
			isa = PBXNativeTarget;
			buildConfigurationList = 8548E4EE2A96243900315D8B /* Build configuration list for PBXNativeTarget "MacWorkspaces" */;
			buildPhases = (
				8548E4DB2A96243800315D8B /* Sources */,
				8548E4DC2A96243800315D8B /* Frameworks */,
				8548E4DD2A96243800315D8B /* Resources */,
			);
			buildRules = (
			);
			dependencies = (
			);
			name = MacWorkspaces;
			productName = MacWorkspaces;
			productReference = 8548E4DF2A96243800315D8B /* MacWorkspaces.app */;
			productType = "com.apple.product-type.application";
		};
/* End PBXNativeTarget section */

/* Begin PBXProject section */
		8548E4D72A96243800315D8B /* Project object */ = {
			isa = PBXProject;
			attributes = {
				BuildIndependentTargetsInParallel = 1;
				LastSwiftUpdateCheck = 1430;
				LastUpgradeCheck = 1430;
				TargetAttributes = {
					8548E4DE2A96243800315D8B = {
						CreatedOnToolsVersion = 14.3.1;
					};
				};
			};
			buildConfigurationList = 8548E4DA2A96243800315D8B /* Build configuration list for PBXProject "MacWorkspaces" */;
			compatibilityVersion = "Xcode 14.0";
			developmentRegion = en;
			hasScannedForEncodings = 0;
			knownRegions = (
				en,
				Base,
			);
			mainGroup = 8548E4D62A96243800315D8B;
			productRefGroup = 8548E4E02A96243800315D8B /* Products */;
			projectDirPath = "";
			projectRoot = "";
			targets = (
				8548E4DE2A96243800315D8B /* MacWorkspaces */,
			);
		};
/* End PBXProject section */

/* Begin PBXResourcesBuildPhase section */
		8548E4DD2A96243800315D8B /* Resources */ = {
			isa = PBXResourcesBuildPhase;
			buildActionMask = 2147483647;
			files = (
				8548E4EA2A96243900315D8B /* Preview Assets.xcassets in Resources */,
				8548E4E72A96243900315D8B /* Assets.xcassets in Resources */,
			);
			runOnlyForDeploymentPostprocessing = 0;
		};
/* End PBXResourcesBuildPhase section */

/* Begin PBXSourcesBuildPhase section */
		8548E4DB2A96243800315D8B /* Sources */ = {
			isa = PBXSourcesBuildPhase;
			buildActionMask = 2147483647;
			files = (
				8548E4F42A96253200315D8B /* AppDelegate.swift in Sources */,
				8548E4E32A96243800315D8B /* MacWorkspacesApp.swift in Sources */,
				8548E4FB2A9672D800315D8B /* View.swift in Sources */,
				8548E4F22A96247C00315D8B /* MenuApp.swift in Sources */,
				8548E4F62A9633B400315D8B /* Workspace.swift in Sources */,
			);
			runOnlyForDeploymentPostprocessing = 0;
		};
/* End PBXSourcesBuildPhase section */

/* Begin XCBuildConfiguration section */
		8548E4EC2A96243900315D8B /* Debug */ = {
			isa = XCBuildConfiguration;
			buildSettings = {
				ALWAYS_SEARCH_USER_PATHS = NO;
				CLANG_ANALYZER_NONNULL = YES;
				CLANG_ANALYZER_NUMBER_OBJECT_CONVERSION = YES_AGGRESSIVE;
				CLANG_CXX_LANGUAGE_STANDARD = "gnu++20";
				CLANG_ENABLE_MODULES = YES;
				CLANG_ENABLE_OBJC_ARC = YES;
				CLANG_ENABLE_OBJC_WEAK = YES;
				CLANG_WARN_BLOCK_CAPTURE_AUTORELEASING = YES;
				CLANG_WARN_BOOL_CONVERSION = YES;
				CLANG_WARN_COMMA = YES;
				CLANG_WARN_CONSTANT_CONVERSION = YES;
				CLANG_WARN_DEPRECATED_OBJC_IMPLEMENTATIONS = YES;
				CLANG_WARN_DIRECT_OBJC_ISA_USAGE = YES_ERROR;
				CLANG_WARN_DOCUMENTATION_COMMENTS = YES;
				CLANG_WARN_EMPTY_BODY = YES;
				CLANG_WARN_ENUM_CONVERSION = YES;
				CLANG_WARN_INFINITE_RECURSION = YES;
				CLANG_WARN_INT_CONVERSION = YES;
				CLANG_WARN_NON_LITERAL_NULL_CONVERSION = YES;
				CLANG_WARN_OBJC_IMPLICIT_RETAIN_SELF = YES;
				CLANG_WARN_OBJC_LITERAL_CONVERSION = YES;
				CLANG_WARN_OBJC_ROOT_CLASS = YES_ERROR;
				CLANG_WARN_QUOTED_INCLUDE_IN_FRAMEWORK_HEADER = YES;
				CLANG_WARN_RANGE_LOOP_ANALYSIS = YES;
				CLANG_WARN_STRICT_PROTOTYPES = YES;
				CLANG_WARN_SUSPICIOUS_MOVE = YES;
				CLANG_WARN_UNGUARDED_AVAILABILITY = YES_AGGRESSIVE;
				CLANG_WARN_UNREACHABLE_CODE = YES;
				CLANG_WARN__DUPLICATE_METHOD_MATCH = YES;
				COPY_PHASE_STRIP = NO;
				DEBUG_INFORMATION_FORMAT = dwarf;
				ENABLE_STRICT_OBJC_MSGSEND = YES;
				ENABLE_TESTABILITY = YES;
				GCC_C_LANGUAGE_STANDARD = gnu11;
				GCC_DYNAMIC_NO_PIC = NO;
				GCC_NO_COMMON_BLOCKS = YES;
				GCC_OPTIMIZATION_LEVEL = 0;
				GCC_PREPROCESSOR_DEFINITIONS = (
					"DEBUG=1",
					"$(inherited)",
				);
				GCC_WARN_64_TO_32_BIT_CONVERSION = YES;
				GCC_WARN_ABOUT_RETURN_TYPE = YES_ERROR;
				GCC_WARN_UNDECLARED_SELECTOR = YES;
				GCC_WARN_UNINITIALIZED_AUTOS = YES_AGGRESSIVE;
				GCC_WARN_UNUSED_FUNCTION = YES;
				GCC_WARN_UNUSED_VARIABLE = YES;
				MACOSX_DEPLOYMENT_TARGET = 13.3;
				MTL_ENABLE_DEBUG_INFO = INCLUDE_SOURCE;
				MTL_FAST_MATH = YES;
				ONLY_ACTIVE_ARCH = YES;
				SDKROOT = macosx;
				SWIFT_ACTIVE_COMPILATION_CONDITIONS = DEBUG;
				SWIFT_OPTIMIZATION_LEVEL = "-Onone";
			};
			name = Debug;
		};
		8548E4ED2A96243900315D8B /* Release */ = {
			isa = XCBuildConfiguration;
			buildSettings = {
				ALWAYS_SEARCH_USER_PATHS = NO;
				CLANG_ANALYZER_NONNULL = YES;
				CLANG_ANALYZER_NUMBER_OBJECT_CONVERSION = YES_AGGRESSIVE;
				CLANG_CXX_LANGUAGE_STANDARD = "gnu++20";
				CLANG_ENABLE_MODULES = YES;
				CLANG_ENABLE_OBJC_ARC = YES;
				CLANG_ENABLE_OBJC_WEAK = YES;
				CLANG_WARN_BLOCK_CAPTURE_AUTORELEASING = YES;
				CLANG_WARN_BOOL_CONVERSION = YES;
				CLANG_WARN_COMMA = YES;
				CLANG_WARN_CONSTANT_CONVERSION = YES;
				CLANG_WARN_DEPRECATED_OBJC_IMPLEMENTATIONS = YES;
				CLANG_WARN_DIRECT_OBJC_ISA_USAGE = YES_ERROR;
				CLANG_WARN_DOCUMENTATION_COMMENTS = YES;
				CLANG_WARN_EMPTY_BODY = YES;
				CLANG_WARN_ENUM_CONVERSION = YES;
				CLANG_WARN_INFINITE_RECURSION = YES;
				CLANG_WARN_INT_CONVERSION = YES;
				CLANG_WARN_NON_LITERAL_NULL_CONVERSION = YES;
				CLANG_WARN_OBJC_IMPLICIT_RETAIN_SELF = YES;
				CLANG_WARN_OBJC_LITERAL_CONVERSION = YES;
				CLANG_WARN_OBJC_ROOT_CLASS = YES_ERROR;
				CLANG_WARN_QUOTED_INCLUDE_IN_FRAMEWORK_HEADER = YES;
				CLANG_WARN_RANGE_LOOP_ANALYSIS = YES;
				CLANG_WARN_STRICT_PROTOTYPES = YES;
				CLANG_WARN_SUSPICIOUS_MOVE = YES;
				CLANG_WARN_UNGUARDED_AVAILABILITY = YES_AGGRESSIVE;
				CLANG_WARN_UNREACHABLE_CODE = YES;
				CLANG_WARN__DUPLICATE_METHOD_MATCH = YES;
				COPY_PHASE_STRIP = NO;
				DEBUG_INFORMATION_FORMAT = "dwarf-with-dsym";
				ENABLE_NS_ASSERTIONS = NO;
				ENABLE_STRICT_OBJC_MSGSEND = YES;
				GCC_C_LANGUAGE_STANDARD = gnu11;
				GCC_NO_COMMON_BLOCKS = YES;
				GCC_WARN_64_TO_32_BIT_CONVERSION = YES;
				GCC_WARN_ABOUT_RETURN_TYPE = YES_ERROR;
				GCC_WARN_UNDECLARED_SELECTOR = YES;
				GCC_WARN_UNINITIALIZED_AUTOS = YES_AGGRESSIVE;
				GCC_WARN_UNUSED_FUNCTION = YES;
				GCC_WARN_UNUSED_VARIABLE = YES;
				MACOSX_DEPLOYMENT_TARGET = 13.3;
				MTL_ENABLE_DEBUG_INFO = NO;
				MTL_FAST_MATH = YES;
				SDKROOT = macosx;
				SWIFT_COMPILATION_MODE = wholemodule;
				SWIFT_OPTIMIZATION_LEVEL = "-O";
			};
			name = Release;
		};
		8548E4EF2A96243900315D8B /* Debug */ = {
			isa = XCBuildConfiguration;
			buildSettings = {
				ASSETCATALOG_COMPILER_APPICON_NAME = AppIcon;
				ASSETCATALOG_COMPILER_GLOBAL_ACCENT_COLOR_NAME = AccentColor;
				CODE_SIGN_ENTITLEMENTS = MacWorkspaces/MacWorkspaces.entitlements;
				CODE_SIGN_STYLE = Automatic;
				COMBINE_HIDPI_IMAGES = YES;
				CURRENT_PROJECT_VERSION = 1;
				DEVELOPMENT_ASSET_PATHS = "\"MacWorkspaces/Preview Content\"";
				DEVELOPMENT_TEAM = KC68A42FB9;
				ENABLE_HARDENED_RUNTIME = YES;
				ENABLE_PREVIEWS = YES;
				GENERATE_INFOPLIST_FILE = YES;
				INFOPLIST_KEY_NSHumanReadableCopyright = "";
				LD_RUNPATH_SEARCH_PATHS = (
					"$(inherited)",
					"@executable_path/../Frameworks",
				);
				MARKETING_VERSION = 1.0;
				PRODUCT_BUNDLE_IDENTIFIER = dev.miglio.MacWorkspaces;
				PRODUCT_NAME = "$(TARGET_NAME)";
				SWIFT_EMIT_LOC_STRINGS = YES;
				SWIFT_VERSION = 5.0;
			};
			name = Debug;
		};
		8548E4F02A96243900315D8B /* Release */ = {
			isa = XCBuildConfiguration;
			buildSettings = {
				ASSETCATALOG_COMPILER_APPICON_NAME = AppIcon;
				ASSETCATALOG_COMPILER_GLOBAL_ACCENT_COLOR_NAME = AccentColor;
				CODE_SIGN_ENTITLEMENTS = MacWorkspaces/MacWorkspaces.entitlements;
				CODE_SIGN_STYLE = Automatic;
				COMBINE_HIDPI_IMAGES = YES;
				CURRENT_PROJECT_VERSION = 1;
				DEVELOPMENT_ASSET_PATHS = "\"MacWorkspaces/Preview Content\"";
				DEVELOPMENT_TEAM = KC68A42FB9;
				ENABLE_HARDENED_RUNTIME = YES;
				ENABLE_PREVIEWS = YES;
				GENERATE_INFOPLIST_FILE = YES;
				INFOPLIST_KEY_NSHumanReadableCopyright = "";
				LD_RUNPATH_SEARCH_PATHS = (
					"$(inherited)",
					"@executable_path/../Frameworks",
				);
				MARKETING_VERSION = 1.0;
				PRODUCT_BUNDLE_IDENTIFIER = dev.miglio.MacWorkspaces;
				PRODUCT_NAME = "$(TARGET_NAME)";
				SWIFT_EMIT_LOC_STRINGS = YES;
				SWIFT_VERSION = 5.0;
			};
			name = Release;
		};
/* End XCBuildConfiguration section */

/* Begin XCConfigurationList section */
		8548E4DA2A96243800315D8B /* Build configuration list for PBXProject "MacWorkspaces" */ = {
			isa = XCConfigurationList;
			buildConfigurations = (
				8548E4EC2A96243900315D8B /* Debug */,
				8548E4ED2A96243900315D8B /* Release */,
			);
			defaultConfigurationIsVisible = 0;
			defaultConfigurationName = Release;
		};
		8548E4EE2A96243900315D8B /* Build configuration list for PBXNativeTarget "MacWorkspaces" */ = {
			isa = XCConfigurationList;
			buildConfigurations = (
				8548E4EF2A96243900315D8B /* Debug */,
				8548E4F02A96243900315D8B /* Release */,
			);
			defaultConfigurationIsVisible = 0;
			defaultConfigurationName = Release;
		};
/* End XCConfigurationList section */
	};
	rootObject = 8548E4D72A96243800315D8B /* Project object */;
}
